
Microsoft Visual Studio Solution File, Format Version 12.00
# Visual Studio 15
VisualStudioVersion = 15.0.28307.902
MinimumVisualStudioVersion = 10.0.40219.1
Project("{FAE04EC0-301F-11D3-BF4B-00C04F79EFBC}") = "Ayubo Drive", "Ayubo Drive\Ayubo Drive.csproj", "{FCDA3CC8-A93C-4D2F-9000-C2E65CF1B5D6}"
EndProject
Global
	GlobalSection(SolutionConfigurationPlatforms) = preSolution
		Debug|Any CPU = Debug|Any CPU
		Release|Any CPU = Release|Any CPU
	EndGlobalSection
	GlobalSection(ProjectConfigurationPlatforms) = postSolution
		{FCDA3CC8-A93C-4D2F-9000-C2E65CF1B5D6}.Debug|Any CPU.ActiveCfg = Debug|Any CPU
		{FCDA3CC8-A93C-4D2F-9000-C2E65CF1B5D6}.Debug|Any CPU.Build.0 = Debug|Any CPU
		{FCDA3CC8-A93C-4D2F-9000-C2E65CF1B5D6}.Release|Any CPU.ActiveCfg = Release|Any CPU
		{FCDA3CC8-A93C-4D2F-9000-C2E65CF1B5D6}.Release|Any CPU.Build.0 = Release|Any CPU
	EndGlobalSection
	GlobalSection(SolutionProperties) = preSolution
		HideSolutionNode = FALSE
	EndGlobalSection
	GlobalSection(ExtensibilityGlobals) = postSolution
		SolutionGuid = {714C4B96-2996-4FBD-A080-3A0FDB3317AB}
	EndGlobalSection
EndGlobal
